
Microsoft Visual Studio Solution File, Format Version 12.00
# Visual Studio Version 16
VisualStudioVersion = 16.0.31009.304
MinimumVisualStudioVersion = 10.0.40219.1
Project("{FAE04EC0-301F-11D3-BF4B-00C04F79EFBC}") = "ECommerce.API.Products", "ECommerce.API.Products\ECommerce.API.Products.csproj", "{56F09A92-38D8-41E7-917F-78CCB4E61289}"
EndProject
Project("{FAE04EC0-301F-11D3-BF4B-00C04F79EFBC}") = "ECommerce.API.Customers", "ECommerce.API.Customers\ECommerce.API.Customers.csproj", "{B8693632-2DB1-4C30-A0A7-8A80F681143D}"
EndProject
Project("{FAE04EC0-301F-11D3-BF4B-00C04F79EFBC}") = "ECommerce.API.Orders", "ECommerce.API.Orders\ECommerce.API.Orders.csproj", "{02F2D356-B3A0-4CAC-BE78-848DABB4BBBE}"
EndProject
Project("{FAE04EC0-301F-11D3-BF4B-00C04F79EFBC}") = "ECommerce.API.Search", "ECommerce.API.Search\ECommerce.API.Search.csproj", "{D784D36E-190B-40D4-AAEB-D3677BBEE7F0}"
EndProject
Global
	GlobalSection(SolutionProperties) = preSolution
		HideSolutionNode = FALSE
	EndGlobalSection
	GlobalSection(ExtensibilityGlobals) = postSolution
		SolutionGuid = {EEFA24EE-3ED7-46A7-8A7E-C85D8E89BF66}
	EndGlobalSection
	GlobalSection(SolutionConfigurationPlatforms) = preSolution
		Debug|Any CPU = Debug|Any CPU
		Debug|x64 = Debug|x64
		Debug|x86 = Debug|x86
		Release|Any CPU = Release|Any CPU
		Release|x64 = Release|x64
		Release|x86 = Release|x86
	EndGlobalSection
	GlobalSection(ProjectConfigurationPlatforms) = postSolution
		{56F09A92-38D8-41E7-917F-78CCB4E61289}.Debug|Any CPU.ActiveCfg = Debug|Any CPU
		{56F09A92-38D8-41E7-917F-78CCB4E61289}.Debug|Any CPU.Build.0 = Debug|Any CPU
		{56F09A92-38D8-41E7-917F-78CCB4E61289}.Debug|x64.ActiveCfg = Debug|Any CPU
		{56F09A92-38D8-41E7-917F-78CCB4E61289}.Debug|x64.Build.0 = Debug|Any CPU
		{56F09A92-38D8-41E7-917F-78CCB4E61289}.Debug|x86.ActiveCfg = Debug|Any CPU
		{56F09A92-38D8-41E7-917F-78CCB4E61289}.Debug|x86.Build.0 = Debug|Any CPU
		{56F09A92-38D8-41E7-917F-78CCB4E61289}.Release|Any CPU.ActiveCfg = Release|Any CPU
		{56F09A92-38D8-41E7-917F-78CCB4E61289}.Release|Any CPU.Build.0 = Release|Any CPU
		{56F09A92-38D8-41E7-917F-78CCB4E61289}.Release|x64.ActiveCfg = Release|Any CPU
		{56F09A92-38D8-41E7-917F-78CCB4E61289}.Release|x64.Build.0 = Release|Any CPU
		{56F09A92-38D8-41E7-917F-78CCB4E61289}.Release|x86.ActiveCfg = Release|Any CPU
		{56F09A92-38D8-41E7-917F-78CCB4E61289}.Release|x86.Build.0 = Release|Any CPU
		{B8693632-2DB1-4C30-A0A7-8A80F681143D}.Debug|Any CPU.ActiveCfg = Debug|Any CPU
		{B8693632-2DB1-4C30-A0A7-8A80F681143D}.Debug|Any CPU.Build.0 = Debug|Any CPU
		{B8693632-2DB1-4C30-A0A7-8A80F681143D}.Debug|x64.ActiveCfg = Debug|Any CPU
		{B8693632-2DB1-4C30-A0A7-8A80F681143D}.Debug|x64.Build.0 = Debug|Any CPU
		{B8693632-2DB1-4C30-A0A7-8A80F681143D}.Debug|x86.ActiveCfg = Debug|Any CPU
		{B8693632-2DB1-4C30-A0A7-8A80F681143D}.Debug|x86.Build.0 = Debug|Any CPU
		{B8693632-2DB1-4C30-A0A7-8A80F681143D}.Release|Any CPU.ActiveCfg = Release|Any CPU
		{B8693632-2DB1-4C30-A0A7-8A80F681143D}.Release|Any CPU.Build.0 = Release|Any CPU
		{B8693632-2DB1-4C30-A0A7-8A80F681143D}.Release|x64.ActiveCfg = Release|Any CPU
		{B8693632-2DB1-4C30-A0A7-8A80F681143D}.Release|x64.Build.0 = Release|Any CPU
		{B8693632-2DB1-4C30-A0A7-8A80F681143D}.Release|x86.ActiveCfg = Release|Any CPU
		{B8693632-2DB1-4C30-A0A7-8A80F681143D}.Release|x86.Build.0 = Release|Any CPU
		{02F2D356-B3A0-4CAC-BE78-848DABB4BBBE}.Debug|Any CPU.ActiveCfg = Debug|Any CPU
		{02F2D356-B3A0-4CAC-BE78-848DABB4BBBE}.Debug|Any CPU.Build.0 = Debug|Any CPU
		{02F2D356-B3A0-4CAC-BE78-848DABB4BBBE}.Debug|x64.ActiveCfg = Debug|Any CPU
		{02F2D356-B3A0-4CAC-BE78-848DABB4BBBE}.Debug|x64.Build.0 = Debug|Any CPU
		{02F2D356-B3A0-4CAC-BE78-848DABB4BBBE}.Debug|x86.ActiveCfg = Debug|Any CPU
		{02F2D356-B3A0-4CAC-BE78-848DABB4BBBE}.Debug|x86.Build.0 = Debug|Any CPU
		{02F2D356-B3A0-4CAC-BE78-848DABB4BBBE}.Release|Any CPU.ActiveCfg = Release|Any CPU
		{02F2D356-B3A0-4CAC-BE78-848DABB4BBBE}.Release|Any CPU.Build.0 = Release|Any CPU
		{02F2D356-B3A0-4CAC-BE78-848DABB4BBBE}.Release|x64.ActiveCfg = Release|Any CPU
		{02F2D356-B3A0-4CAC-BE78-848DABB4BBBE}.Release|x64.Build.0 = Release|Any CPU
		{02F2D356-B3A0-4CAC-BE78-848DABB4BBBE}.Release|x86.ActiveCfg = Release|Any CPU
		{02F2D356-B3A0-4CAC-BE78-848DABB4BBBE}.Release|x86.Build.0 = Release|Any CPU
		{D784D36E-190B-40D4-AAEB-D3677BBEE7F0}.Debug|Any CPU.ActiveCfg = Debug|Any CPU
		{D784D36E-190B-40D4-AAEB-D3677BBEE7F0}.Debug|Any CPU.Build.0 = Debug|Any CPU
		{D784D36E-190B-40D4-AAEB-D3677BBEE7F0}.Debug|x64.ActiveCfg = Debug|Any CPU
		{D784D36E-190B-40D4-AAEB-D3677BBEE7F0}.Debug|x64.Build.0 = Debug|Any CPU
		{D784D36E-190B-40D4-AAEB-D3677BBEE7F0}.Debug|x86.ActiveCfg = Debug|Any CPU
		{D784D36E-190B-40D4-AAEB-D3677BBEE7F0}.Debug|x86.Build.0 = Debug|Any CPU
		{D784D36E-190B-40D4-AAEB-D3677BBEE7F0}.Release|Any CPU.ActiveCfg = Release|Any CPU
		{D784D36E-190B-40D4-AAEB-D3677BBEE7F0}.Release|Any CPU.Build.0 = Release|Any CPU
		{D784D36E-190B-40D4-AAEB-D3677BBEE7F0}.Release|x64.ActiveCfg = Release|Any CPU
		{D784D36E-190B-40D4-AAEB-D3677BBEE7F0}.Release|x64.Build.0 = Release|Any CPU
		{D784D36E-190B-40D4-AAEB-D3677BBEE7F0}.Release|x86.ActiveCfg = Release|Any CPU
		{D784D36E-190B-40D4-AAEB-D3677BBEE7F0}.Release|x86.Build.0 = Release|Any CPU
	EndGlobalSection
EndGlobal
